
Microsoft Visual Studio Solution File, Format Version 12.00
# Visual Studio Version 16
VisualStudioVersion = 16.0.30523.141
MinimumVisualStudioVersion = 10.0.40219.1
Project("{FAE04EC0-301F-11D3-BF4B-00C04F79EFBC}") = "WindowsFormsApp1", "WindowsFormsApp1\WindowsFormsApp1.csproj", "{8EEFBE81-E949-45E2-806B-2D9E399DFDB6}"
EndProject
Project("{FAE04EC0-301F-11D3-BF4B-00C04F79EFBC}") = "k9_StaticConst", "k9_StaticConst\k9_StaticConst.csproj", "{D090D82D-1F5C-4334-B9C1-C12A15DD499F}"
EndProject
Global
	GlobalSection(SolutionConfigurationPlatforms) = preSolution
		Debug|Any CPU = Debug|Any CPU
		Release|Any CPU = Release|Any CPU
	EndGlobalSection
	GlobalSection(ProjectConfigurationPlatforms) = postSolution
		{8EEFBE81-E949-45E2-806B-2D9E399DFDB6}.Debug|Any CPU.ActiveCfg = Debug|Any CPU
		{8EEFBE81-E949-45E2-806B-2D9E399DFDB6}.Debug|Any CPU.Build.0 = Debug|Any CPU
		{8EEFBE81-E949-45E2-806B-2D9E399DFDB6}.Release|Any CPU.ActiveCfg = Release|Any CPU
		{8EEFBE81-E949-45E2-806B-2D9E399DFDB6}.Release|Any CPU.Build.0 = Release|Any CPU
		{D090D82D-1F5C-4334-B9C1-C12A15DD499F}.Debug|Any CPU.ActiveCfg = Debug|Any CPU
		{D090D82D-1F5C-4334-B9C1-C12A15DD499F}.Debug|Any CPU.Build.0 = Debug|Any CPU
		{D090D82D-1F5C-4334-B9C1-C12A15DD499F}.Release|Any CPU.ActiveCfg = Release|Any CPU
		{D090D82D-1F5C-4334-B9C1-C12A15DD499F}.Release|Any CPU.Build.0 = Release|Any CPU
	EndGlobalSection
	GlobalSection(SolutionProperties) = preSolution
		HideSolutionNode = FALSE
	EndGlobalSection
	GlobalSection(ExtensibilityGlobals) = postSolution
		SolutionGuid = {7C697B46-8010-44CE-8224-BB38556A6D3E}
	EndGlobalSection
EndGlobal
